
Microsoft Visual Studio Solution File, Format Version 12.00
# Visual Studio Version 17
VisualStudioVersion = 17.1.32210.238
MinimumVisualStudioVersion = 10.0.40219.1
Project("{FAE04EC0-301F-11D3-BF4B-00C04F79EFBC}") = "DataAccess", "DataAccess\DataAccess.csproj", "{79A66011-D57C-4AB5-B3CC-5C929B4435CE}"
EndProject
Project("{FAE04EC0-301F-11D3-BF4B-00C04F79EFBC}") = "Business", "Business\Business.csproj", "{B61BB05A-6323-4E3E-824B-D3B428C7FB13}"
EndProject
Project("{FAE04EC0-301F-11D3-BF4B-00C04F79EFBC}") = "Entities", "Entities\Entities.csproj", "{C85042F9-464C-42C6-924A-769094EFA00D}"
EndProject
Project("{FAE04EC0-301F-11D3-BF4B-00C04F79EFBC}") = "ConsoleUI", "ConsoleUI\ConsoleUI.csproj", "{D998DAF2-801D-4089-8655-E8AA2861FC4A}"
EndProject
Global
	GlobalSection(SolutionConfigurationPlatforms) = preSolution
		Debug|Any CPU = Debug|Any CPU
		Release|Any CPU = Release|Any CPU
	EndGlobalSection
	GlobalSection(ProjectConfigurationPlatforms) = postSolution
		{79A66011-D57C-4AB5-B3CC-5C929B4435CE}.Debug|Any CPU.ActiveCfg = Debug|Any CPU
		{79A66011-D57C-4AB5-B3CC-5C929B4435CE}.Debug|Any CPU.Build.0 = Debug|Any CPU
		{79A66011-D57C-4AB5-B3CC-5C929B4435CE}.Release|Any CPU.ActiveCfg = Release|Any CPU
		{79A66011-D57C-4AB5-B3CC-5C929B4435CE}.Release|Any CPU.Build.0 = Release|Any CPU
		{B61BB05A-6323-4E3E-824B-D3B428C7FB13}.Debug|Any CPU.ActiveCfg = Debug|Any CPU
		{B61BB05A-6323-4E3E-824B-D3B428C7FB13}.Debug|Any CPU.Build.0 = Debug|Any CPU
		{B61BB05A-6323-4E3E-824B-D3B428C7FB13}.Release|Any CPU.ActiveCfg = Release|Any CPU
		{B61BB05A-6323-4E3E-824B-D3B428C7FB13}.Release|Any CPU.Build.0 = Release|Any CPU
		{C85042F9-464C-42C6-924A-769094EFA00D}.Debug|Any CPU.ActiveCfg = Debug|Any CPU
		{C85042F9-464C-42C6-924A-769094EFA00D}.Debug|Any CPU.Build.0 = Debug|Any CPU
		{C85042F9-464C-42C6-924A-769094EFA00D}.Release|Any CPU.ActiveCfg = Release|Any CPU
		{C85042F9-464C-42C6-924A-769094EFA00D}.Release|Any CPU.Build.0 = Release|Any CPU
		{D998DAF2-801D-4089-8655-E8AA2861FC4A}.Debug|Any CPU.ActiveCfg = Debug|Any CPU
		{D998DAF2-801D-4089-8655-E8AA2861FC4A}.Debug|Any CPU.Build.0 = Debug|Any CPU
		{D998DAF2-801D-4089-8655-E8AA2861FC4A}.Release|Any CPU.ActiveCfg = Release|Any CPU
		{D998DAF2-801D-4089-8655-E8AA2861FC4A}.Release|Any CPU.Build.0 = Release|Any CPU
	EndGlobalSection
	GlobalSection(SolutionProperties) = preSolution
		HideSolutionNode = FALSE
	EndGlobalSection
	GlobalSection(ExtensibilityGlobals) = postSolution
		SolutionGuid = {4C45AA36-9EB6-422E-9DFF-49C591D894E0}
	EndGlobalSection
EndGlobal
