
Microsoft Visual Studio Solution File, Format Version 12.00
# Visual Studio Version 17
VisualStudioVersion = 17.1.32210.238
MinimumVisualStudioVersion = 10.0.40219.1
Project("{9A19103F-16F7-4668-BE54-9A1E7A4F7556}") = "Business", "Business\Business.csproj", "{B0BD5183-F2B4-4BAD-8E1D-FD67CA905982}"
EndProject
Project("{9A19103F-16F7-4668-BE54-9A1E7A4F7556}") = "DataAccess", "DataAccess\DataAccess.csproj", "{C9892A00-3922-4AE0-8667-DE3C903749D5}"
EndProject
Project("{9A19103F-16F7-4668-BE54-9A1E7A4F7556}") = "Entities", "Entities\Entities.csproj", "{6AD009CA-C6E8-4AE5-A77B-0F249616FAD2}"
EndProject
Project("{9A19103F-16F7-4668-BE54-9A1E7A4F7556}") = "ConsoleUI", "ConsoleUI\ConsoleUI.csproj", "{3D7667BB-8BAF-42F0-8EC1-52A5153C6179}"
EndProject
Project("{9A19103F-16F7-4668-BE54-9A1E7A4F7556}") = "Core", "Core\Core.csproj", "{6C34F659-891F-45B8-A7DE-446DEE3776B8}"
EndProject
Project("{FAE04EC0-301F-11D3-BF4B-00C04F79EFBC}") = "WebAPI", "WebAPI\WebAPI.csproj", "{C08D12B0-0226-4B24-A7AF-86EA9431019C}"
EndProject
Global
	GlobalSection(SolutionConfigurationPlatforms) = preSolution
		Debug|Any CPU = Debug|Any CPU
		Release|Any CPU = Release|Any CPU
	EndGlobalSection
	GlobalSection(ProjectConfigurationPlatforms) = postSolution
		{B0BD5183-F2B4-4BAD-8E1D-FD67CA905982}.Debug|Any CPU.ActiveCfg = Debug|Any CPU
		{B0BD5183-F2B4-4BAD-8E1D-FD67CA905982}.Debug|Any CPU.Build.0 = Debug|Any CPU
		{B0BD5183-F2B4-4BAD-8E1D-FD67CA905982}.Release|Any CPU.ActiveCfg = Release|Any CPU
		{B0BD5183-F2B4-4BAD-8E1D-FD67CA905982}.Release|Any CPU.Build.0 = Release|Any CPU
		{C9892A00-3922-4AE0-8667-DE3C903749D5}.Debug|Any CPU.ActiveCfg = Debug|Any CPU
		{C9892A00-3922-4AE0-8667-DE3C903749D5}.Debug|Any CPU.Build.0 = Debug|Any CPU
		{C9892A00-3922-4AE0-8667-DE3C903749D5}.Release|Any CPU.ActiveCfg = Release|Any CPU
		{C9892A00-3922-4AE0-8667-DE3C903749D5}.Release|Any CPU.Build.0 = Release|Any CPU
		{6AD009CA-C6E8-4AE5-A77B-0F249616FAD2}.Debug|Any CPU.ActiveCfg = Debug|Any CPU
		{6AD009CA-C6E8-4AE5-A77B-0F249616FAD2}.Debug|Any CPU.Build.0 = Debug|Any CPU
		{6AD009CA-C6E8-4AE5-A77B-0F249616FAD2}.Release|Any CPU.ActiveCfg = Release|Any CPU
		{6AD009CA-C6E8-4AE5-A77B-0F249616FAD2}.Release|Any CPU.Build.0 = Release|Any CPU
		{3D7667BB-8BAF-42F0-8EC1-52A5153C6179}.Debug|Any CPU.ActiveCfg = Debug|Any CPU
		{3D7667BB-8BAF-42F0-8EC1-52A5153C6179}.Debug|Any CPU.Build.0 = Debug|Any CPU
		{3D7667BB-8BAF-42F0-8EC1-52A5153C6179}.Release|Any CPU.ActiveCfg = Release|Any CPU
		{3D7667BB-8BAF-42F0-8EC1-52A5153C6179}.Release|Any CPU.Build.0 = Release|Any CPU
		{6C34F659-891F-45B8-A7DE-446DEE3776B8}.Debug|Any CPU.ActiveCfg = Debug|Any CPU
		{6C34F659-891F-45B8-A7DE-446DEE3776B8}.Debug|Any CPU.Build.0 = Debug|Any CPU
		{6C34F659-891F-45B8-A7DE-446DEE3776B8}.Release|Any CPU.ActiveCfg = Release|Any CPU
		{6C34F659-891F-45B8-A7DE-446DEE3776B8}.Release|Any CPU.Build.0 = Release|Any CPU
		{C08D12B0-0226-4B24-A7AF-86EA9431019C}.Debug|Any CPU.ActiveCfg = Debug|Any CPU
		{C08D12B0-0226-4B24-A7AF-86EA9431019C}.Debug|Any CPU.Build.0 = Debug|Any CPU
		{C08D12B0-0226-4B24-A7AF-86EA9431019C}.Release|Any CPU.ActiveCfg = Release|Any CPU
		{C08D12B0-0226-4B24-A7AF-86EA9431019C}.Release|Any CPU.Build.0 = Release|Any CPU
	EndGlobalSection
	GlobalSection(SolutionProperties) = preSolution
		HideSolutionNode = FALSE
	EndGlobalSection
	GlobalSection(ExtensibilityGlobals) = postSolution
		SolutionGuid = {BE55231B-E9BE-4921-B263-DCF8EC7996D9}
	EndGlobalSection
EndGlobal
